
Microsoft Visual Studio Solution File, Format Version 12.00
# Visual Studio Version 16
VisualStudioVersion = 16.0.31019.35
MinimumVisualStudioVersion = 10.0.40219.1
Project("{FAE04EC0-301F-11D3-BF4B-00C04F79EFBC}") = "Project_Make15", "Project_Make15\Project_Make15.csproj", "{E2D65742-60A6-47BC-B4D5-F5220778C41C}"
EndProject
Project("{FAE04EC0-301F-11D3-BF4B-00C04F79EFBC}") = "UsrCtrl_GameWindow", "UsrCtrl_GameWindow\UsrCtrl_GameWindow.csproj", "{74CC44B7-8C6F-4A9C-A794-B097277D80A4}"
EndProject
Project("{FAE04EC0-301F-11D3-BF4B-00C04F79EFBC}") = "Make15_WebService", "SOAPWebService\Make15_WebService.csproj", "{50BCE8B6-0B3A-4AC2-8A0B-408DD573D607}"
EndProject
Global
	GlobalSection(SolutionConfigurationPlatforms) = preSolution
		Debug|Any CPU = Debug|Any CPU
		Release|Any CPU = Release|Any CPU
	EndGlobalSection
	GlobalSection(ProjectConfigurationPlatforms) = postSolution
		{E2D65742-60A6-47BC-B4D5-F5220778C41C}.Debug|Any CPU.ActiveCfg = Debug|Any CPU
		{E2D65742-60A6-47BC-B4D5-F5220778C41C}.Debug|Any CPU.Build.0 = Debug|Any CPU
		{E2D65742-60A6-47BC-B4D5-F5220778C41C}.Release|Any CPU.ActiveCfg = Release|Any CPU
		{E2D65742-60A6-47BC-B4D5-F5220778C41C}.Release|Any CPU.Build.0 = Release|Any CPU
		{74CC44B7-8C6F-4A9C-A794-B097277D80A4}.Debug|Any CPU.ActiveCfg = Debug|Any CPU
		{74CC44B7-8C6F-4A9C-A794-B097277D80A4}.Debug|Any CPU.Build.0 = Debug|Any CPU
		{74CC44B7-8C6F-4A9C-A794-B097277D80A4}.Release|Any CPU.ActiveCfg = Release|Any CPU
		{74CC44B7-8C6F-4A9C-A794-B097277D80A4}.Release|Any CPU.Build.0 = Release|Any CPU
		{50BCE8B6-0B3A-4AC2-8A0B-408DD573D607}.Debug|Any CPU.ActiveCfg = Debug|Any CPU
		{50BCE8B6-0B3A-4AC2-8A0B-408DD573D607}.Debug|Any CPU.Build.0 = Debug|Any CPU
		{50BCE8B6-0B3A-4AC2-8A0B-408DD573D607}.Release|Any CPU.ActiveCfg = Release|Any CPU
		{50BCE8B6-0B3A-4AC2-8A0B-408DD573D607}.Release|Any CPU.Build.0 = Release|Any CPU
	EndGlobalSection
	GlobalSection(SolutionProperties) = preSolution
		HideSolutionNode = FALSE
	EndGlobalSection
	GlobalSection(ExtensibilityGlobals) = postSolution
		SolutionGuid = {84101B1B-42BE-4210-B9FD-DDF93F71E33C}
	EndGlobalSection
EndGlobal
